
Microsoft Visual Studio Solution File, Format Version 12.00
# Visual Studio Version 17
VisualStudioVersion = 17.5.33530.505
MinimumVisualStudioVersion = 10.0.40219.1
Project("{9A19103F-16F7-4668-BE54-9A1E7A4F7556}") = "Graph-Lab-9-2", "Graph-Lab-9-2.csproj", "{77B00F9F-099A-46C0-B20B-5FE329989418}"
EndProject
Global
	GlobalSection(SolutionConfigurationPlatforms) = preSolution
		Debug|Any CPU = Debug|Any CPU
		Release|Any CPU = Release|Any CPU
	EndGlobalSection
	GlobalSection(ProjectConfigurationPlatforms) = postSolution
		{77B00F9F-099A-46C0-B20B-5FE329989418}.Debug|Any CPU.ActiveCfg = Debug|Any CPU
		{77B00F9F-099A-46C0-B20B-5FE329989418}.Debug|Any CPU.Build.0 = Debug|Any CPU
		{77B00F9F-099A-46C0-B20B-5FE329989418}.Release|Any CPU.ActiveCfg = Release|Any CPU
		{77B00F9F-099A-46C0-B20B-5FE329989418}.Release|Any CPU.Build.0 = Release|Any CPU
	EndGlobalSection
	GlobalSection(SolutionProperties) = preSolution
		HideSolutionNode = FALSE
	EndGlobalSection
	GlobalSection(ExtensibilityGlobals) = postSolution
		SolutionGuid = {DF234FEF-40C3-4842-8048-B7E6902D60B4}
	EndGlobalSection
EndGlobal
